
Microsoft Visual Studio Solution File, Format Version 12.00
# Visual Studio Version 17
VisualStudioVersion = 17.13.35818.85 d17.13
MinimumVisualStudioVersion = 10.0.40219.1
Project("{FAE04EC0-301F-11D3-BF4B-00C04F79EFBC}") = "Audio Converter Program", "Audio Converter Program.csproj", "{3D98DD41-3E33-4905-BC58-1C5B6F902422}"
EndProject
Global
	GlobalSection(SolutionConfigurationPlatforms) = preSolution
		Debug|Any CPU = Debug|Any CPU
		Release|Any CPU = Release|Any CPU
	EndGlobalSection
	GlobalSection(ProjectConfigurationPlatforms) = postSolution
		{3D98DD41-3E33-4905-BC58-1C5B6F902422}.Debug|Any CPU.ActiveCfg = Debug|Any CPU
		{3D98DD41-3E33-4905-BC58-1C5B6F902422}.Debug|Any CPU.Build.0 = Debug|Any CPU
		{3D98DD41-3E33-4905-BC58-1C5B6F902422}.Release|Any CPU.ActiveCfg = Release|Any CPU
		{3D98DD41-3E33-4905-BC58-1C5B6F902422}.Release|Any CPU.Build.0 = Release|Any CPU
	EndGlobalSection
	GlobalSection(SolutionProperties) = preSolution
		HideSolutionNode = FALSE
	EndGlobalSection
	GlobalSection(ExtensibilityGlobals) = postSolution
		SolutionGuid = {1CE8CA16-18B1-4D72-9EBB-6C1D7373B936}
	EndGlobalSection
EndGlobal
